
Microsoft Visual Studio Solution File, Format Version 12.00
# Visual Studio 15
VisualStudioVersion = 15.0.28010.2050
MinimumVisualStudioVersion = 10.0.40219.1
Project("{FAE04EC0-301F-11D3-BF4B-00C04F79EFBC}") = "ModelValidation", "ModelValidation\ModelValidation.csproj", "{5B856570-A0FC-47BE-A275-0DF1BD170E04}"
EndProject
Global
	GlobalSection(SolutionConfigurationPlatforms) = preSolution
		Debug|Any CPU = Debug|Any CPU
		Release|Any CPU = Release|Any CPU
	EndGlobalSection
	GlobalSection(ProjectConfigurationPlatforms) = postSolution
		{5B856570-A0FC-47BE-A275-0DF1BD170E04}.Debug|Any CPU.ActiveCfg = Debug|Any CPU
		{5B856570-A0FC-47BE-A275-0DF1BD170E04}.Debug|Any CPU.Build.0 = Debug|Any CPU
		{5B856570-A0FC-47BE-A275-0DF1BD170E04}.Release|Any CPU.ActiveCfg = Release|Any CPU
		{5B856570-A0FC-47BE-A275-0DF1BD170E04}.Release|Any CPU.Build.0 = Release|Any CPU
	EndGlobalSection
	GlobalSection(SolutionProperties) = preSolution
		HideSolutionNode = FALSE
	EndGlobalSection
	GlobalSection(ExtensibilityGlobals) = postSolution
		SolutionGuid = {888D8817-D014-42C2-8957-CB4E8A9C006A}
	EndGlobalSection
EndGlobal
