
Microsoft Visual Studio Solution File, Format Version 12.00
# Visual Studio 15
VisualStudioVersion = 15.0.28010.2016
MinimumVisualStudioVersion = 10.0.40219.1
Project("{FAE04EC0-301F-11D3-BF4B-00C04F79EFBC}") = "SportsStore", "SportsStore\SportsStore.csproj", "{7E36C169-2001-4050-87B8-296D2333045E}"
EndProject
Project("{FAE04EC0-301F-11D3-BF4B-00C04F79EFBC}") = "SportsStore.Tests", "SportsStore.Tests\SportsStore.Tests.csproj", "{1987E670-0100-4F3A-9401-2E2CDDE1CF49}"
EndProject
Global
	GlobalSection(SolutionConfigurationPlatforms) = preSolution
		Debug|Any CPU = Debug|Any CPU
		Release|Any CPU = Release|Any CPU
	EndGlobalSection
	GlobalSection(ProjectConfigurationPlatforms) = postSolution
		{7E36C169-2001-4050-87B8-296D2333045E}.Debug|Any CPU.ActiveCfg = Debug|Any CPU
		{7E36C169-2001-4050-87B8-296D2333045E}.Debug|Any CPU.Build.0 = Debug|Any CPU
		{7E36C169-2001-4050-87B8-296D2333045E}.Release|Any CPU.ActiveCfg = Release|Any CPU
		{7E36C169-2001-4050-87B8-296D2333045E}.Release|Any CPU.Build.0 = Release|Any CPU
		{1987E670-0100-4F3A-9401-2E2CDDE1CF49}.Debug|Any CPU.ActiveCfg = Debug|Any CPU
		{1987E670-0100-4F3A-9401-2E2CDDE1CF49}.Debug|Any CPU.Build.0 = Debug|Any CPU
		{1987E670-0100-4F3A-9401-2E2CDDE1CF49}.Release|Any CPU.ActiveCfg = Release|Any CPU
		{1987E670-0100-4F3A-9401-2E2CDDE1CF49}.Release|Any CPU.Build.0 = Release|Any CPU
	EndGlobalSection
	GlobalSection(SolutionProperties) = preSolution
		HideSolutionNode = FALSE
	EndGlobalSection
	GlobalSection(ExtensibilityGlobals) = postSolution
		SolutionGuid = {8FF36014-E22F-4751-A59F-72876028433C}
	EndGlobalSection
EndGlobal
