
Microsoft Visual Studio Solution File, Format Version 12.00
# Visual Studio 15
VisualStudioVersion = 15.0.28010.2016
MinimumVisualStudioVersion = 10.0.40219.1
Project("{FAE04EC0-301F-11D3-BF4B-00C04F79EFBC}") = "ConfiguringApps", "ConfiguringApps\ConfiguringApps.csproj", "{D4A4EEBF-E15E-4B97-9BD0-456C59EB39F1}"
EndProject
Global
	GlobalSection(SolutionConfigurationPlatforms) = preSolution
		Debug|Any CPU = Debug|Any CPU
		Release|Any CPU = Release|Any CPU
	EndGlobalSection
	GlobalSection(ProjectConfigurationPlatforms) = postSolution
		{D4A4EEBF-E15E-4B97-9BD0-456C59EB39F1}.Debug|Any CPU.ActiveCfg = Debug|Any CPU
		{D4A4EEBF-E15E-4B97-9BD0-456C59EB39F1}.Debug|Any CPU.Build.0 = Debug|Any CPU
		{D4A4EEBF-E15E-4B97-9BD0-456C59EB39F1}.Release|Any CPU.ActiveCfg = Release|Any CPU
		{D4A4EEBF-E15E-4B97-9BD0-456C59EB39F1}.Release|Any CPU.Build.0 = Release|Any CPU
	EndGlobalSection
	GlobalSection(SolutionProperties) = preSolution
		HideSolutionNode = FALSE
	EndGlobalSection
	GlobalSection(ExtensibilityGlobals) = postSolution
		SolutionGuid = {7039EB2A-1C63-44CA-8D61-A092D58DCCB0}
	EndGlobalSection
EndGlobal
