
Microsoft Visual Studio Solution File, Format Version 12.00
# Visual Studio 15
VisualStudioVersion = 15.0.28010.2016
MinimumVisualStudioVersion = 10.0.40219.1
Project("{9A19103F-16F7-4668-BE54-9A1E7A4F7556}") = "WorkingWithVisualStudio", "WorkingWithVisualStudio\WorkingWithVisualStudio.csproj", "{FC9168E7-746B-4831-8146-625F00F8E352}"
EndProject
Project("{FAE04EC0-301F-11D3-BF4B-00C04F79EFBC}") = "WorkingWithVS.Tests", "WorkingWithVS.Tests\WorkingWithVS.Tests.csproj", "{A8AAB3D3-4CA5-4EDB-8C9C-857A5C416953}"
EndProject
Global
	GlobalSection(SolutionConfigurationPlatforms) = preSolution
		Debug|Any CPU = Debug|Any CPU
		Release|Any CPU = Release|Any CPU
	EndGlobalSection
	GlobalSection(ProjectConfigurationPlatforms) = postSolution
		{FC9168E7-746B-4831-8146-625F00F8E352}.Debug|Any CPU.ActiveCfg = Debug|Any CPU
		{FC9168E7-746B-4831-8146-625F00F8E352}.Debug|Any CPU.Build.0 = Debug|Any CPU
		{FC9168E7-746B-4831-8146-625F00F8E352}.Release|Any CPU.ActiveCfg = Release|Any CPU
		{FC9168E7-746B-4831-8146-625F00F8E352}.Release|Any CPU.Build.0 = Release|Any CPU
		{A8AAB3D3-4CA5-4EDB-8C9C-857A5C416953}.Debug|Any CPU.ActiveCfg = Debug|Any CPU
		{A8AAB3D3-4CA5-4EDB-8C9C-857A5C416953}.Debug|Any CPU.Build.0 = Debug|Any CPU
		{A8AAB3D3-4CA5-4EDB-8C9C-857A5C416953}.Release|Any CPU.ActiveCfg = Release|Any CPU
		{A8AAB3D3-4CA5-4EDB-8C9C-857A5C416953}.Release|Any CPU.Build.0 = Release|Any CPU
	EndGlobalSection
	GlobalSection(SolutionProperties) = preSolution
		HideSolutionNode = FALSE
	EndGlobalSection
	GlobalSection(ExtensibilityGlobals) = postSolution
		SolutionGuid = {8029B528-7CCB-4711-917E-60ABDFC886B6}
	EndGlobalSection
EndGlobal
